{
    "_readme": [
        "This file locks the dependencies of your project to a known state",
        "Read more about it at https://getcomposer.org/doc/01-basic-usage.md#composer-lock-the-lock-file",
        "This file is @generated automatically"
    ],
    "hash": "7a90b6737d5e35d41a601b9eb2bbe96a",
    "content-hash": "6d740f86fc663636a81ef7e9b663c598",
    "packages": [
        {
            "name": "deployphp/recipes",
            "version": "3.1.1",
            "source": {
                "type": "git",
                "url": "https://github.com/deployphp/recipes.git",
                "reference": "ce6895392c297513b07e54af6e012afbe0cf6af7"
            },
            "dist": {
                "type": "zip",
                "url": "https://api.github.com/repos/deployphp/recipes/zipball/ce6895392c297513b07e54af6e012afbe0cf6af7",
                "reference": "ce6895392c297513b07e54af6e012afbe0cf6af7",
                "shasum": ""
            },
            "type": "library",
            "extra": {
                "branch-alias": {
                    "dev-master": "3.0-dev"
                }
            },
            "notification-url": "https://packagist.org/downloads/",
            "license": [
                "MIT"
            ],
            "authors": [
                {
                    "name": "Samuel Gordalina",
                    "email": "samuel.gordalina@gmail.com",
                    "homepage": "https://gordalina.com",
                    "role": "Maintainer"
                },
                {
                    "name": "Tomas Majer",
                    "email": "tomasmajer@gmail.com",
                    "homepage": "http://tomaj.sk",
                    "role": "Contributor"
                },
                {
                    "name": "Hubert Kowalski",
                    "email": "h.kowalski@hakger.pl",
                    "homepage": "https://hakger.pl",
                    "role": "Contributor"
                }
            ],
            "description": "3rd party deployer recipes",
            "homepage": "https://github.com/deployphp/recipes",
            "keywords": [
                "cachetool",
                "deploy",
                "deployer",
                "deployment",
                "newrelic",
                "recipes",
                "slack"
            ],
            "time": "2016-10-14 07:57:27"
        }
    ],
    "packages-dev": [],
    "aliases": [],
    "minimum-stability": "stable",
    "stability-flags": [],
    "prefer-stable": false,
    "prefer-lowest": false,
    "platform": [],
    "platform-dev": []
}
